
Microsoft Visual Studio Solution File, Format Version 12.00
# Visual Studio 2015
Project("{FAE04EC0-301F-11D3-BF4B-00C04F79EFBC}") = "MageDuel.CSharp.Plugins", "MageDuel.CSharp.Plugins.csproj", "{BD13D5B2-9407-CC8E-C3E6-D4D4C8DEFDED}"
EndProject
Project("{FAE04EC0-301F-11D3-BF4B-00C04F79EFBC}") = "MageDuel.CSharp", "MageDuel.CSharp.csproj", "{F901B0D2-7E43-2DFA-8513-6DBB2B814AB0}"
EndProject
Project("{FAE04EC0-301F-11D3-BF4B-00C04F79EFBC}") = "MageDuel.CSharp.Editor", "MageDuel.CSharp.Editor.csproj", "{8F2528B5-8EAD-4A56-AE10-92AC6682D8BE}"
EndProject
Global
	GlobalSection(SolutionConfigurationPlatforms) = preSolution
		Debug|Any CPU = Debug|Any CPU
		Release|Any CPU = Release|Any CPU
	EndGlobalSection
	GlobalSection(ProjectConfigurationPlatforms) = postSolution
		{BD13D5B2-9407-CC8E-C3E6-D4D4C8DEFDED}.Debug|Any CPU.ActiveCfg = Debug|Any CPU
		{BD13D5B2-9407-CC8E-C3E6-D4D4C8DEFDED}.Debug|Any CPU.Build.0 = Debug|Any CPU
		{BD13D5B2-9407-CC8E-C3E6-D4D4C8DEFDED}.Release|Any CPU.ActiveCfg = Release|Any CPU
		{BD13D5B2-9407-CC8E-C3E6-D4D4C8DEFDED}.Release|Any CPU.Build.0 = Release|Any CPU
		{F901B0D2-7E43-2DFA-8513-6DBB2B814AB0}.Debug|Any CPU.ActiveCfg = Debug|Any CPU
		{F901B0D2-7E43-2DFA-8513-6DBB2B814AB0}.Debug|Any CPU.Build.0 = Debug|Any CPU
		{F901B0D2-7E43-2DFA-8513-6DBB2B814AB0}.Release|Any CPU.ActiveCfg = Release|Any CPU
		{F901B0D2-7E43-2DFA-8513-6DBB2B814AB0}.Release|Any CPU.Build.0 = Release|Any CPU
		{8F2528B5-8EAD-4A56-AE10-92AC6682D8BE}.Debug|Any CPU.ActiveCfg = Debug|Any CPU
		{8F2528B5-8EAD-4A56-AE10-92AC6682D8BE}.Debug|Any CPU.Build.0 = Debug|Any CPU
		{8F2528B5-8EAD-4A56-AE10-92AC6682D8BE}.Release|Any CPU.ActiveCfg = Release|Any CPU
		{8F2528B5-8EAD-4A56-AE10-92AC6682D8BE}.Release|Any CPU.Build.0 = Release|Any CPU
	EndGlobalSection
	GlobalSection(SolutionProperties) = preSolution
		HideSolutionNode = FALSE
	EndGlobalSection
EndGlobal
